
Microsoft Visual Studio Solution File, Format Version 12.00
# Visual Studio Version 16
VisualStudioVersion = 16.0.30330.147
MinimumVisualStudioVersion = 10.0.40219.1
Project("{2150E333-8FDC-42A3-9474-1A3956D46DE8}") = "Services", "Services", "{DBC88059-04F0-4B76-8766-0B6213D5D3F0}"
EndProject
Project("{2150E333-8FDC-42A3-9474-1A3956D46DE8}") = "Cadastros", "Cadastros", "{2F4BDB30-BEB9-417D-9D0B-53215CA0129F}"
EndProject
Project("{2150E333-8FDC-42A3-9474-1A3956D46DE8}") = "Catalogo", "Catalogo", "{997E1827-3075-4CF2-8922-43D87A21CEB6}"
EndProject
Project("{2150E333-8FDC-42A3-9474-1A3956D46DE8}") = "Core", "Core", "{F871B9DA-354F-4A98-96EF-2B81628F1761}"
EndProject
Project("{2150E333-8FDC-42A3-9474-1A3956D46DE8}") = "Fiscal", "Fiscal", "{E891546A-FA08-4EAA-9D32-E751A5B713D7}"
EndProject
Project("{2150E333-8FDC-42A3-9474-1A3956D46DE8}") = "Pagamentos", "Pagamentos", "{6AE4E97F-9650-45DD-9250-50B7C3945DC5}"
EndProject
Project("{2150E333-8FDC-42A3-9474-1A3956D46DE8}") = "Vendas", "Vendas", "{F2F7DCFE-06A7-4C84-8F4F-B4E5361CDABD}"
EndProject
Project("{9A19103F-16F7-4668-BE54-9A1E7A4F7556}") = "MinhaLojaVirtual.Catalogo.Application", "src\MinhaLojaVirtual.Catalogo.Application\MinhaLojaVirtual.Catalogo.Application.csproj", "{2F115324-3032-42AD-811E-72A1A9AC218D}"
EndProject
Project("{9A19103F-16F7-4668-BE54-9A1E7A4F7556}") = "MinhaLojaVirtual.Catalogo.Data", "src\MinhaLojaVirtual.Catalogo.Data\MinhaLojaVirtual.Catalogo.Data.csproj", "{D38EDC16-62F9-4881-886D-DB8B0A20447E}"
EndProject
Project("{9A19103F-16F7-4668-BE54-9A1E7A4F7556}") = "MinhaLojaVirtual.Catalogo.Domain", "src\MinhaLojaVirtual.Catalogo.Domain\MinhaLojaVirtual.Catalogo.Domain.csproj", "{805BB343-822B-4C08-9319-59414179A711}"
EndProject
Project("{9A19103F-16F7-4668-BE54-9A1E7A4F7556}") = "MinhaLojaVirtual.Core", "src\MinhaLojaVirtual.Core\MinhaLojaVirtual.Core.csproj", "{D49FF83F-68DE-4F64-8E7F-41E45CDAF681}"
EndProject
Project("{2150E333-8FDC-42A3-9474-1A3956D46DE8}") = "WebApps", "WebApps", "{D5B91ADD-DB77-47D9-B9E9-083AF5E8C3D6}"
EndProject
Project("{9A19103F-16F7-4668-BE54-9A1E7A4F7556}") = "MinhaLoja.WebApps.MVC", "src\MinhaLoja.WebApps.MVC\MinhaLoja.WebApps.MVC.csproj", "{EA0C9FD2-66F1-42E3-9E8E-DDCA323F1686}"
EndProject
Project("{9A19103F-16F7-4668-BE54-9A1E7A4F7556}") = "MinhaLojaVirtual.Vendas.Domain", "src\MinhaLojaVirtual.Vendas.Domain\MinhaLojaVirtual.Vendas.Domain.csproj", "{AB2C2D31-D1E2-40ED-9CF9-EB8769673D87}"
EndProject
Project("{9A19103F-16F7-4668-BE54-9A1E7A4F7556}") = "MinhaLojaVirtual.Vendas.Application", "src\MinhaLojaVirtual.Core.Data\MinhaLojaVirtual.Vendas.Application.csproj", "{E89B7EB3-E686-4A99-B6C5-8C7BE27CF080}"
EndProject
Project("{9A19103F-16F7-4668-BE54-9A1E7A4F7556}") = "MinhaLojaVirtual.Vendas.Data", "src\MinhaLojaVirtual.Core.Domain\MinhaLojaVirtual.Vendas.Data.csproj", "{75F3EBA2-A291-46B4-A5F6-1491106F5722}"
EndProject
Project("{9A19103F-16F7-4668-BE54-9A1E7A4F7556}") = "MinhaoLojaVirtual.Pagamentos.Data", "src\MinhaoLojaVirtual.Pagamentos.Data\MinhaoLojaVirtual.Pagamentos.Data.csproj", "{536281EB-93CA-43CB-B88F-ACA13D15F895}"
EndProject
Project("{9A19103F-16F7-4668-BE54-9A1E7A4F7556}") = "MinhaLojaVirtual.Pagamentos.Business", "src\MinhaLojaVirtual.Pagamentos.Business\MinhaLojaVirtual.Pagamentos.Business.csproj", "{932300FF-1A18-4D84-A8AF-A6E3CBF32301}"
EndProject
Project("{9A19103F-16F7-4668-BE54-9A1E7A4F7556}") = "MinhaLojaVirtual.Pagamentos.AntiCorruption", "src\MinhaLojaVirtual.Pagamentos.AntiCorruption\MinhaLojaVirtual.Pagamentos.AntiCorruption.csproj", "{E3E0A678-59EA-47A5-B309-B9B36C9A1EE7}"
EndProject
Project("{2150E333-8FDC-42A3-9474-1A3956D46DE8}") = "WebAPI", "WebAPI", "{39CC5F7E-5E06-4C1A-AE11-94392FABD25F}"
EndProject
Project("{FAE04EC0-301F-11D3-BF4B-00C04F79EFBC}") = "MinhaLojaVirtual.WebAPI", "src\MinhaLojaVirtual.WebAPI\MinhaLojaVirtual.WebAPI.csproj", "{81041B93-832C-4214-AFF9-FB4E150E6E12}"
EndProject
Global
	GlobalSection(SolutionConfigurationPlatforms) = preSolution
		Debug|Any CPU = Debug|Any CPU
		Release|Any CPU = Release|Any CPU
	EndGlobalSection
	GlobalSection(ProjectConfigurationPlatforms) = postSolution
		{2F115324-3032-42AD-811E-72A1A9AC218D}.Debug|Any CPU.ActiveCfg = Debug|Any CPU
		{2F115324-3032-42AD-811E-72A1A9AC218D}.Debug|Any CPU.Build.0 = Debug|Any CPU
		{2F115324-3032-42AD-811E-72A1A9AC218D}.Release|Any CPU.ActiveCfg = Release|Any CPU
		{2F115324-3032-42AD-811E-72A1A9AC218D}.Release|Any CPU.Build.0 = Release|Any CPU
		{D38EDC16-62F9-4881-886D-DB8B0A20447E}.Debug|Any CPU.ActiveCfg = Debug|Any CPU
		{D38EDC16-62F9-4881-886D-DB8B0A20447E}.Debug|Any CPU.Build.0 = Debug|Any CPU
		{D38EDC16-62F9-4881-886D-DB8B0A20447E}.Release|Any CPU.ActiveCfg = Release|Any CPU
		{D38EDC16-62F9-4881-886D-DB8B0A20447E}.Release|Any CPU.Build.0 = Release|Any CPU
		{805BB343-822B-4C08-9319-59414179A711}.Debug|Any CPU.ActiveCfg = Debug|Any CPU
		{805BB343-822B-4C08-9319-59414179A711}.Debug|Any CPU.Build.0 = Debug|Any CPU
		{805BB343-822B-4C08-9319-59414179A711}.Release|Any CPU.ActiveCfg = Release|Any CPU
		{805BB343-822B-4C08-9319-59414179A711}.Release|Any CPU.Build.0 = Release|Any CPU
		{D49FF83F-68DE-4F64-8E7F-41E45CDAF681}.Debug|Any CPU.ActiveCfg = Debug|Any CPU
		{D49FF83F-68DE-4F64-8E7F-41E45CDAF681}.Debug|Any CPU.Build.0 = Debug|Any CPU
		{D49FF83F-68DE-4F64-8E7F-41E45CDAF681}.Release|Any CPU.ActiveCfg = Release|Any CPU
		{D49FF83F-68DE-4F64-8E7F-41E45CDAF681}.Release|Any CPU.Build.0 = Release|Any CPU
		{EA0C9FD2-66F1-42E3-9E8E-DDCA323F1686}.Debug|Any CPU.ActiveCfg = Debug|Any CPU
		{EA0C9FD2-66F1-42E3-9E8E-DDCA323F1686}.Debug|Any CPU.Build.0 = Debug|Any CPU
		{EA0C9FD2-66F1-42E3-9E8E-DDCA323F1686}.Release|Any CPU.ActiveCfg = Release|Any CPU
		{EA0C9FD2-66F1-42E3-9E8E-DDCA323F1686}.Release|Any CPU.Build.0 = Release|Any CPU
		{AB2C2D31-D1E2-40ED-9CF9-EB8769673D87}.Debug|Any CPU.ActiveCfg = Debug|Any CPU
		{AB2C2D31-D1E2-40ED-9CF9-EB8769673D87}.Debug|Any CPU.Build.0 = Debug|Any CPU
		{AB2C2D31-D1E2-40ED-9CF9-EB8769673D87}.Release|Any CPU.ActiveCfg = Release|Any CPU
		{AB2C2D31-D1E2-40ED-9CF9-EB8769673D87}.Release|Any CPU.Build.0 = Release|Any CPU
		{E89B7EB3-E686-4A99-B6C5-8C7BE27CF080}.Debug|Any CPU.ActiveCfg = Debug|Any CPU
		{E89B7EB3-E686-4A99-B6C5-8C7BE27CF080}.Debug|Any CPU.Build.0 = Debug|Any CPU
		{E89B7EB3-E686-4A99-B6C5-8C7BE27CF080}.Release|Any CPU.ActiveCfg = Release|Any CPU
		{E89B7EB3-E686-4A99-B6C5-8C7BE27CF080}.Release|Any CPU.Build.0 = Release|Any CPU
		{75F3EBA2-A291-46B4-A5F6-1491106F5722}.Debug|Any CPU.ActiveCfg = Debug|Any CPU
		{75F3EBA2-A291-46B4-A5F6-1491106F5722}.Debug|Any CPU.Build.0 = Debug|Any CPU
		{75F3EBA2-A291-46B4-A5F6-1491106F5722}.Release|Any CPU.ActiveCfg = Release|Any CPU
		{75F3EBA2-A291-46B4-A5F6-1491106F5722}.Release|Any CPU.Build.0 = Release|Any CPU
		{536281EB-93CA-43CB-B88F-ACA13D15F895}.Debug|Any CPU.ActiveCfg = Debug|Any CPU
		{536281EB-93CA-43CB-B88F-ACA13D15F895}.Debug|Any CPU.Build.0 = Debug|Any CPU
		{536281EB-93CA-43CB-B88F-ACA13D15F895}.Release|Any CPU.ActiveCfg = Release|Any CPU
		{536281EB-93CA-43CB-B88F-ACA13D15F895}.Release|Any CPU.Build.0 = Release|Any CPU
		{932300FF-1A18-4D84-A8AF-A6E3CBF32301}.Debug|Any CPU.ActiveCfg = Debug|Any CPU
		{932300FF-1A18-4D84-A8AF-A6E3CBF32301}.Debug|Any CPU.Build.0 = Debug|Any CPU
		{932300FF-1A18-4D84-A8AF-A6E3CBF32301}.Release|Any CPU.ActiveCfg = Release|Any CPU
		{932300FF-1A18-4D84-A8AF-A6E3CBF32301}.Release|Any CPU.Build.0 = Release|Any CPU
		{E3E0A678-59EA-47A5-B309-B9B36C9A1EE7}.Debug|Any CPU.ActiveCfg = Debug|Any CPU
		{E3E0A678-59EA-47A5-B309-B9B36C9A1EE7}.Debug|Any CPU.Build.0 = Debug|Any CPU
		{E3E0A678-59EA-47A5-B309-B9B36C9A1EE7}.Release|Any CPU.ActiveCfg = Release|Any CPU
		{E3E0A678-59EA-47A5-B309-B9B36C9A1EE7}.Release|Any CPU.Build.0 = Release|Any CPU
		{81041B93-832C-4214-AFF9-FB4E150E6E12}.Debug|Any CPU.ActiveCfg = Debug|Any CPU
		{81041B93-832C-4214-AFF9-FB4E150E6E12}.Debug|Any CPU.Build.0 = Debug|Any CPU
		{81041B93-832C-4214-AFF9-FB4E150E6E12}.Release|Any CPU.ActiveCfg = Release|Any CPU
		{81041B93-832C-4214-AFF9-FB4E150E6E12}.Release|Any CPU.Build.0 = Release|Any CPU
	EndGlobalSection
	GlobalSection(SolutionProperties) = preSolution
		HideSolutionNode = FALSE
	EndGlobalSection
	GlobalSection(NestedProjects) = preSolution
		{2F4BDB30-BEB9-417D-9D0B-53215CA0129F} = {DBC88059-04F0-4B76-8766-0B6213D5D3F0}
		{997E1827-3075-4CF2-8922-43D87A21CEB6} = {DBC88059-04F0-4B76-8766-0B6213D5D3F0}
		{F871B9DA-354F-4A98-96EF-2B81628F1761} = {DBC88059-04F0-4B76-8766-0B6213D5D3F0}
		{E891546A-FA08-4EAA-9D32-E751A5B713D7} = {DBC88059-04F0-4B76-8766-0B6213D5D3F0}
		{6AE4E97F-9650-45DD-9250-50B7C3945DC5} = {DBC88059-04F0-4B76-8766-0B6213D5D3F0}
		{F2F7DCFE-06A7-4C84-8F4F-B4E5361CDABD} = {DBC88059-04F0-4B76-8766-0B6213D5D3F0}
		{2F115324-3032-42AD-811E-72A1A9AC218D} = {997E1827-3075-4CF2-8922-43D87A21CEB6}
		{D38EDC16-62F9-4881-886D-DB8B0A20447E} = {997E1827-3075-4CF2-8922-43D87A21CEB6}
		{805BB343-822B-4C08-9319-59414179A711} = {997E1827-3075-4CF2-8922-43D87A21CEB6}
		{D49FF83F-68DE-4F64-8E7F-41E45CDAF681} = {F871B9DA-354F-4A98-96EF-2B81628F1761}
		{EA0C9FD2-66F1-42E3-9E8E-DDCA323F1686} = {D5B91ADD-DB77-47D9-B9E9-083AF5E8C3D6}
		{AB2C2D31-D1E2-40ED-9CF9-EB8769673D87} = {F2F7DCFE-06A7-4C84-8F4F-B4E5361CDABD}
		{E89B7EB3-E686-4A99-B6C5-8C7BE27CF080} = {F2F7DCFE-06A7-4C84-8F4F-B4E5361CDABD}
		{75F3EBA2-A291-46B4-A5F6-1491106F5722} = {F2F7DCFE-06A7-4C84-8F4F-B4E5361CDABD}
		{536281EB-93CA-43CB-B88F-ACA13D15F895} = {6AE4E97F-9650-45DD-9250-50B7C3945DC5}
		{932300FF-1A18-4D84-A8AF-A6E3CBF32301} = {6AE4E97F-9650-45DD-9250-50B7C3945DC5}
		{E3E0A678-59EA-47A5-B309-B9B36C9A1EE7} = {6AE4E97F-9650-45DD-9250-50B7C3945DC5}
		{81041B93-832C-4214-AFF9-FB4E150E6E12} = {39CC5F7E-5E06-4C1A-AE11-94392FABD25F}
	EndGlobalSection
	GlobalSection(ExtensibilityGlobals) = postSolution
		SolutionGuid = {52D0481D-855D-4C67-9E44-412BD3045168}
	EndGlobalSection
EndGlobal
